
Microsoft Visual Studio Solution File, Format Version 12.00
# Visual Studio 15
VisualStudioVersion = 15.0.28307.960
MinimumVisualStudioVersion = 10.0.40219.1
Project("{FAE04EC0-301F-11D3-BF4B-00C04F79EFBC}") = "SerwerTCP", "SerwerTCP\SerwerTCP.csproj", "{A1779F40-FC64-4A80-B4C4-43064CE506E1}"
EndProject
Project("{FAE04EC0-301F-11D3-BF4B-00C04F79EFBC}") = "BibliotekaKlas", "BibliotekaKlas\BibliotekaKlas.csproj", "{4D91F370-1072-4A44-9376-C95E4693A53D}"
EndProject
Global
	GlobalSection(SolutionConfigurationPlatforms) = preSolution
		Debug|Any CPU = Debug|Any CPU
		Release|Any CPU = Release|Any CPU
	EndGlobalSection
	GlobalSection(ProjectConfigurationPlatforms) = postSolution
		{A1779F40-FC64-4A80-B4C4-43064CE506E1}.Debug|Any CPU.ActiveCfg = Debug|Any CPU
		{A1779F40-FC64-4A80-B4C4-43064CE506E1}.Debug|Any CPU.Build.0 = Debug|Any CPU
		{A1779F40-FC64-4A80-B4C4-43064CE506E1}.Release|Any CPU.ActiveCfg = Release|Any CPU
		{A1779F40-FC64-4A80-B4C4-43064CE506E1}.Release|Any CPU.Build.0 = Release|Any CPU
		{4D91F370-1072-4A44-9376-C95E4693A53D}.Debug|Any CPU.ActiveCfg = Debug|Any CPU
		{4D91F370-1072-4A44-9376-C95E4693A53D}.Debug|Any CPU.Build.0 = Debug|Any CPU
		{4D91F370-1072-4A44-9376-C95E4693A53D}.Release|Any CPU.ActiveCfg = Release|Any CPU
		{4D91F370-1072-4A44-9376-C95E4693A53D}.Release|Any CPU.Build.0 = Release|Any CPU
	EndGlobalSection
	GlobalSection(SolutionProperties) = preSolution
		HideSolutionNode = FALSE
	EndGlobalSection
	GlobalSection(ExtensibilityGlobals) = postSolution
		SolutionGuid = {7722B28A-DDCC-41E8-9399-E51ACE7202CB}
	EndGlobalSection
EndGlobal
