
Microsoft Visual Studio Solution File, Format Version 12.00
# Visual Studio Version 16
VisualStudioVersion = 16.0.29230.47
MinimumVisualStudioVersion = 10.0.40219.1
Project("{FAE04EC0-301F-11D3-BF4B-00C04F79EFBC}") = "KlientTCP", "KlientTCP.csproj", "{948934B0-F777-4B88-81D0-16B7AE829799}"
EndProject
Global
	GlobalSection(SolutionConfigurationPlatforms) = preSolution
		Debug|Any CPU = Debug|Any CPU
		Release|Any CPU = Release|Any CPU
	EndGlobalSection
	GlobalSection(ProjectConfigurationPlatforms) = postSolution
		{948934B0-F777-4B88-81D0-16B7AE829799}.Debug|Any CPU.ActiveCfg = Debug|Any CPU
		{948934B0-F777-4B88-81D0-16B7AE829799}.Debug|Any CPU.Build.0 = Debug|Any CPU
		{948934B0-F777-4B88-81D0-16B7AE829799}.Release|Any CPU.ActiveCfg = Release|Any CPU
		{948934B0-F777-4B88-81D0-16B7AE829799}.Release|Any CPU.Build.0 = Release|Any CPU
	EndGlobalSection
	GlobalSection(SolutionProperties) = preSolution
		HideSolutionNode = FALSE
	EndGlobalSection
	GlobalSection(ExtensibilityGlobals) = postSolution
		SolutionGuid = {B7A8BF83-54DE-43D5-8A4A-B06A053F5C01}
	EndGlobalSection
EndGlobal
