
Microsoft Visual Studio Solution File, Format Version 12.00
# Visual Studio Version 16
VisualStudioVersion = 16.0.29230.47
MinimumVisualStudioVersion = 10.0.40219.1
Project("{FAE04EC0-301F-11D3-BF4B-00C04F79EFBC}") = "KlientTCP", "KlientTCP.csproj", "{DACD1CC8-17FC-455C-8386-C6AB17F1F863}"
EndProject
Global
	GlobalSection(SolutionConfigurationPlatforms) = preSolution
		Debug|Any CPU = Debug|Any CPU
		Release|Any CPU = Release|Any CPU
	EndGlobalSection
	GlobalSection(ProjectConfigurationPlatforms) = postSolution
		{DACD1CC8-17FC-455C-8386-C6AB17F1F863}.Debug|Any CPU.ActiveCfg = Debug|Any CPU
		{DACD1CC8-17FC-455C-8386-C6AB17F1F863}.Debug|Any CPU.Build.0 = Debug|Any CPU
		{DACD1CC8-17FC-455C-8386-C6AB17F1F863}.Release|Any CPU.ActiveCfg = Release|Any CPU
		{DACD1CC8-17FC-455C-8386-C6AB17F1F863}.Release|Any CPU.Build.0 = Release|Any CPU
	EndGlobalSection
	GlobalSection(SolutionProperties) = preSolution
		HideSolutionNode = FALSE
	EndGlobalSection
	GlobalSection(ExtensibilityGlobals) = postSolution
		SolutionGuid = {E70B51CE-8A5B-416D-B06C-F19D68C88BAE}
	EndGlobalSection
EndGlobal
